// !$*UTF8*$!
{
	archiveVersion = 1;
	classes = {
	};
	objectVersion = 56;
	objects = {

/* Begin PBXBuildFile section */
		CC9820632BDBDACE003B65F4 /* AppDelegate.swift in Sources */ = {isa = PBXBuildFile; fileRef = CC9820622BDBDACE003B65F4 /* AppDelegate.swift */; };
		CC9820672BDBDACE003B65F4 /* HomeVc.swift in Sources */ = {isa = PBXBuildFile; fileRef = CC9820662BDBDACE003B65F4 /* HomeVc.swift */; };
		CC98206A2BDBDACE003B65F4 /* Base in Resources */ = {isa = PBXBuildFile; fileRef = CC9820692BDBDACE003B65F4 /* Base */; };
		CC98206C2BDBDACF003B65F4 /* Assets.xcassets in Resources */ = {isa = PBXBuildFile; fileRef = CC98206B2BDBDACF003B65F4 /* Assets.xcassets */; };
		CC98206F2BDBDAD0003B65F4 /* Base in Resources */ = {isa = PBXBuildFile; fileRef = CC98206E2BDBDAD0003B65F4 /* Base */; };
		CC98207A2BDBDB7B003B65F4 /* UserDetailModel.swift in Sources */ = {isa = PBXBuildFile; fileRef = CC9820792BDBDB7B003B65F4 /* UserDetailModel.swift */; };
		CC98207C2BDBDD84003B65F4 /* CommonMethod.swift in Sources */ = {isa = PBXBuildFile; fileRef = CC98207B2BDBDD84003B65F4 /* CommonMethod.swift */; };
		CC98207F2BDBDE82003B65F4 /* Rechability.swift in Sources */ = {isa = PBXBuildFile; fileRef = CC98207E2BDBDE82003B65F4 /* Rechability.swift */; };
		CC9820812BDBDEA8003B65F4 /* Extenstion.swift in Sources */ = {isa = PBXBuildFile; fileRef = CC9820802BDBDEA8003B65F4 /* Extenstion.swift */; };
		CC9820842BDBE484003B65F4 /* InfoDetailCell.xib in Resources */ = {isa = PBXBuildFile; fileRef = CC9820832BDBE484003B65F4 /* InfoDetailCell.xib */; };
		CC9820852BDBE484003B65F4 /* InfoDetailCell.swift in Sources */ = {isa = PBXBuildFile; fileRef = CC9820822BDBE484003B65F4 /* InfoDetailCell.swift */; };
		CCA3B7D32BDCE21E0043FCA0 /* DetailVc.swift in Sources */ = {isa = PBXBuildFile; fileRef = CCA3B7D22BDCE21E0043FCA0 /* DetailVc.swift */; };
/* End PBXBuildFile section */

/* Begin PBXFileReference section */
		CC98205F2BDBDACE003B65F4 /* PracticleTask.app */ = {isa = PBXFileReference; explicitFileType = wrapper.application; includeInIndex = 0; path = PracticleTask.app; sourceTree = BUILT_PRODUCTS_DIR; };
		CC9820622BDBDACE003B65F4 /* AppDelegate.swift */ = {isa = PBXFileReference; lastKnownFileType = sourcecode.swift; path = AppDelegate.swift; sourceTree = "<group>"; };
		CC9820662BDBDACE003B65F4 /* HomeVc.swift */ = {isa = PBXFileReference; lastKnownFileType = sourcecode.swift; path = HomeVc.swift; sourceTree = "<group>"; };
		CC9820692BDBDACE003B65F4 /* Base */ = {isa = PBXFileReference; lastKnownFileType = file.storyboard; name = Base; path = Base.lproj/Main.storyboard; sourceTree = "<group>"; };
		CC98206B2BDBDACF003B65F4 /* Assets.xcassets */ = {isa = PBXFileReference; lastKnownFileType = folder.assetcatalog; path = Assets.xcassets; sourceTree = "<group>"; };
		CC98206E2BDBDAD0003B65F4 /* Base */ = {isa = PBXFileReference; lastKnownFileType = file.storyboard; name = Base; path = Base.lproj/LaunchScreen.storyboard; sourceTree = "<group>"; };
		CC9820702BDBDAD0003B65F4 /* Info.plist */ = {isa = PBXFileReference; lastKnownFileType = text.plist.xml; path = Info.plist; sourceTree = "<group>"; };
		CC9820792BDBDB7B003B65F4 /* UserDetailModel.swift */ = {isa = PBXFileReference; lastKnownFileType = sourcecode.swift; path = UserDetailModel.swift; sourceTree = "<group>"; };
		CC98207B2BDBDD84003B65F4 /* CommonMethod.swift */ = {isa = PBXFileReference; lastKnownFileType = sourcecode.swift; path = CommonMethod.swift; sourceTree = "<group>"; };
		CC98207E2BDBDE82003B65F4 /* Rechability.swift */ = {isa = PBXFileReference; lastKnownFileType = sourcecode.swift; path = Rechability.swift; sourceTree = "<group>"; };
		CC9820802BDBDEA8003B65F4 /* Extenstion.swift */ = {isa = PBXFileReference; lastKnownFileType = sourcecode.swift; path = Extenstion.swift; sourceTree = "<group>"; };
		CC9820822BDBE484003B65F4 /* InfoDetailCell.swift */ = {isa = PBXFileReference; lastKnownFileType = sourcecode.swift; path = InfoDetailCell.swift; sourceTree = "<group>"; };
		CC9820832BDBE484003B65F4 /* InfoDetailCell.xib */ = {isa = PBXFileReference; lastKnownFileType = file.xib; path = InfoDetailCell.xib; sourceTree = "<group>"; };
		CCA3B7D22BDCE21E0043FCA0 /* DetailVc.swift */ = {isa = PBXFileReference; lastKnownFileType = sourcecode.swift; path = DetailVc.swift; sourceTree = "<group>"; };
/* End PBXFileReference section */

/* Begin PBXFrameworksBuildPhase section */
		CC98205C2BDBDACE003B65F4 /* Frameworks */ = {
			isa = PBXFrameworksBuildPhase;
			buildActionMask = 2147483647;
			files = (
			);
			runOnlyForDeploymentPostprocessing = 0;
		};
/* End PBXFrameworksBuildPhase section */

/* Begin PBXGroup section */
		CC9820562BDBDACE003B65F4 = {
			isa = PBXGroup;
			children = (
				CC9820612BDBDACE003B65F4 /* PracticleTask */,
				CC9820602BDBDACE003B65F4 /* Products */,
			);
			sourceTree = "<group>";
		};
		CC9820602BDBDACE003B65F4 /* Products */ = {
			isa = PBXGroup;
			children = (
				CC98205F2BDBDACE003B65F4 /* PracticleTask.app */,
			);
			name = Products;
			sourceTree = "<group>";
		};
		CC9820612BDBDACE003B65F4 /* PracticleTask */ = {
			isa = PBXGroup;
			children = (
				CC9820862BDBE4FF003B65F4 /* Storyboard */,
				CC98207D2BDBDD8A003B65F4 /* Helper */,
				CC9820782BDBDB05003B65F4 /* controllar */,
				CC9820772BDBDAF9003B65F4 /* view */,
				CC9820762BDBDAF4003B65F4 /* Model */,
				CC9820622BDBDACE003B65F4 /* AppDelegate.swift */,
				CC98206B2BDBDACF003B65F4 /* Assets.xcassets */,
				CC98206D2BDBDAD0003B65F4 /* LaunchScreen.storyboard */,
				CC9820702BDBDAD0003B65F4 /* Info.plist */,
			);
			path = PracticleTask;
			sourceTree = "<group>";
		};
		CC9820762BDBDAF4003B65F4 /* Model */ = {
			isa = PBXGroup;
			children = (
				CC9820792BDBDB7B003B65F4 /* UserDetailModel.swift */,
			);
			path = Model;
			sourceTree = "<group>";
		};
		CC9820772BDBDAF9003B65F4 /* view */ = {
			isa = PBXGroup;
			children = (
				CC9820822BDBE484003B65F4 /* InfoDetailCell.swift */,
				CC9820832BDBE484003B65F4 /* InfoDetailCell.xib */,
			);
			path = view;
			sourceTree = "<group>";
		};
		CC9820782BDBDB05003B65F4 /* controllar */ = {
			isa = PBXGroup;
			children = (
				CC9820662BDBDACE003B65F4 /* HomeVc.swift */,
				CCA3B7D22BDCE21E0043FCA0 /* DetailVc.swift */,
			);
			path = controllar;
			sourceTree = "<group>";
		};
		CC98207D2BDBDD8A003B65F4 /* Helper */ = {
			isa = PBXGroup;
			children = (
				CC98207B2BDBDD84003B65F4 /* CommonMethod.swift */,
				CC98207E2BDBDE82003B65F4 /* Rechability.swift */,
				CC9820802BDBDEA8003B65F4 /* Extenstion.swift */,
			);
			path = Helper;
			sourceTree = "<group>";
		};
		CC9820862BDBE4FF003B65F4 /* Storyboard */ = {
			isa = PBXGroup;
			children = (
				CC9820682BDBDACE003B65F4 /* Main.storyboard */,
			);
			path = Storyboard;
			sourceTree = "<group>";
		};
/* End PBXGroup section */

/* Begin PBXNativeTarget section */
		CC98205E2BDBDACE003B65F4 /* PracticleTask */ = {
			isa = PBXNativeTarget;
			buildConfigurationList = CC9820732BDBDAD0003B65F4 /* Build configuration list for PBXNativeTarget "PracticleTask" */;
			buildPhases = (
				CC98205B2BDBDACE003B65F4 /* Sources */,
				CC98205C2BDBDACE003B65F4 /* Frameworks */,
				CC98205D2BDBDACE003B65F4 /* Resources */,
			);
			buildRules = (
			);
			dependencies = (
			);
			name = PracticleTask;
			productName = PracticleTask;
			productReference = CC98205F2BDBDACE003B65F4 /* PracticleTask.app */;
			productType = "com.apple.product-type.application";
		};
/* End PBXNativeTarget section */

/* Begin PBXProject section */
		CC9820572BDBDACE003B65F4 /* Project object */ = {
			isa = PBXProject;
			attributes = {
				BuildIndependentTargetsInParallel = 1;
				LastSwiftUpdateCheck = 1530;
				LastUpgradeCheck = 1530;
				TargetAttributes = {
					CC98205E2BDBDACE003B65F4 = {
						CreatedOnToolsVersion = 15.3;
					};
				};
			};
			buildConfigurationList = CC98205A2BDBDACE003B65F4 /* Build configuration list for PBXProject "PracticleTask" */;
			compatibilityVersion = "Xcode 14.0";
			developmentRegion = en;
			hasScannedForEncodings = 0;
			knownRegions = (
				en,
				Base,
			);
			mainGroup = CC9820562BDBDACE003B65F4;
			productRefGroup = CC9820602BDBDACE003B65F4 /* Products */;
			projectDirPath = "";
			projectRoot = "";
			targets = (
				CC98205E2BDBDACE003B65F4 /* PracticleTask */,
			);
		};
/* End PBXProject section */

/* Begin PBXResourcesBuildPhase section */
		CC98205D2BDBDACE003B65F4 /* Resources */ = {
			isa = PBXResourcesBuildPhase;
			buildActionMask = 2147483647;
			files = (
				CC98206C2BDBDACF003B65F4 /* Assets.xcassets in Resources */,
				CC98206F2BDBDAD0003B65F4 /* Base in Resources */,
				CC9820842BDBE484003B65F4 /* InfoDetailCell.xib in Resources */,
				CC98206A2BDBDACE003B65F4 /* Base in Resources */,
			);
			runOnlyForDeploymentPostprocessing = 0;
		};
/* End PBXResourcesBuildPhase section */

/* Begin PBXSourcesBuildPhase section */
		CC98205B2BDBDACE003B65F4 /* Sources */ = {
			isa = PBXSourcesBuildPhase;
			buildActionMask = 2147483647;
			files = (
				CC9820812BDBDEA8003B65F4 /* Extenstion.swift in Sources */,
				CC9820672BDBDACE003B65F4 /* HomeVc.swift in Sources */,
				CCA3B7D32BDCE21E0043FCA0 /* DetailVc.swift in Sources */,
				CC98207F2BDBDE82003B65F4 /* Rechability.swift in Sources */,
				CC98207A2BDBDB7B003B65F4 /* UserDetailModel.swift in Sources */,
				CC9820852BDBE484003B65F4 /* InfoDetailCell.swift in Sources */,
				CC9820632BDBDACE003B65F4 /* AppDelegate.swift in Sources */,
				CC98207C2BDBDD84003B65F4 /* CommonMethod.swift in Sources */,
			);
			runOnlyForDeploymentPostprocessing = 0;
		};
/* End PBXSourcesBuildPhase section */

/* Begin PBXVariantGroup section */
		CC9820682BDBDACE003B65F4 /* Main.storyboard */ = {
			isa = PBXVariantGroup;
			children = (
				CC9820692BDBDACE003B65F4 /* Base */,
			);
			name = Main.storyboard;
			sourceTree = "<group>";
		};
		CC98206D2BDBDAD0003B65F4 /* LaunchScreen.storyboard */ = {
			isa = PBXVariantGroup;
			children = (
				CC98206E2BDBDAD0003B65F4 /* Base */,
			);
			name = LaunchScreen.storyboard;
			sourceTree = "<group>";
		};
/* End PBXVariantGroup section */

/* Begin XCBuildConfiguration section */
		CC9820712BDBDAD0003B65F4 /* Debug */ = {
			isa = XCBuildConfiguration;
			buildSettings = {
				ALWAYS_SEARCH_USER_PATHS = NO;
				ASSETCATALOG_COMPILER_GENERATE_SWIFT_ASSET_SYMBOL_EXTENSIONS = YES;
				CLANG_ANALYZER_NONNULL = YES;
				CLANG_ANALYZER_NUMBER_OBJECT_CONVERSION = YES_AGGRESSIVE;
				CLANG_CXX_LANGUAGE_STANDARD = "gnu++20";
				CLANG_ENABLE_MODULES = YES;
				CLANG_ENABLE_OBJC_ARC = YES;
				CLANG_ENABLE_OBJC_WEAK = YES;
				CLANG_WARN_BLOCK_CAPTURE_AUTORELEASING = YES;
				CLANG_WARN_BOOL_CONVERSION = YES;
				CLANG_WARN_COMMA = YES;
				CLANG_WARN_CONSTANT_CONVERSION = YES;
				CLANG_WARN_DEPRECATED_OBJC_IMPLEMENTATIONS = YES;
				CLANG_WARN_DIRECT_OBJC_ISA_USAGE = YES_ERROR;
				CLANG_WARN_DOCUMENTATION_COMMENTS = YES;
				CLANG_WARN_EMPTY_BODY = YES;
				CLANG_WARN_ENUM_CONVERSION = YES;
				CLANG_WARN_INFINITE_RECURSION = YES;
				CLANG_WARN_INT_CONVERSION = YES;
				CLANG_WARN_NON_LITERAL_NULL_CONVERSION = YES;
				CLANG_WARN_OBJC_IMPLICIT_RETAIN_SELF = YES;
				CLANG_WARN_OBJC_LITERAL_CONVERSION = YES;
				CLANG_WARN_OBJC_ROOT_CLASS = YES_ERROR;
				CLANG_WARN_QUOTED_INCLUDE_IN_FRAMEWORK_HEADER = YES;
				CLANG_WARN_RANGE_LOOP_ANALYSIS = YES;
				CLANG_WARN_STRICT_PROTOTYPES = YES;
				CLANG_WARN_SUSPICIOUS_MOVE = YES;
				CLANG_WARN_UNGUARDED_AVAILABILITY = YES_AGGRESSIVE;
				CLANG_WARN_UNREACHABLE_CODE = YES;
				CLANG_WARN__DUPLICATE_METHOD_MATCH = YES;
				COPY_PHASE_STRIP = NO;
				DEBUG_INFORMATION_FORMAT = dwarf;
				ENABLE_STRICT_OBJC_MSGSEND = YES;
				ENABLE_TESTABILITY = YES;
				ENABLE_USER_SCRIPT_SANDBOXING = YES;
				GCC_C_LANGUAGE_STANDARD = gnu17;
				GCC_DYNAMIC_NO_PIC = NO;
				GCC_NO_COMMON_BLOCKS = YES;
				GCC_OPTIMIZATION_LEVEL = 0;
				GCC_PREPROCESSOR_DEFINITIONS = (
					"DEBUG=1",
					"$(inherited)",
				);
				GCC_WARN_64_TO_32_BIT_CONVERSION = YES;
				GCC_WARN_ABOUT_RETURN_TYPE = YES_ERROR;
				GCC_WARN_UNDECLARED_SELECTOR = YES;
				GCC_WARN_UNINITIALIZED_AUTOS = YES_AGGRESSIVE;
				GCC_WARN_UNUSED_FUNCTION = YES;
				GCC_WARN_UNUSED_VARIABLE = YES;
				IPHONEOS_DEPLOYMENT_TARGET = 17.4;
				LOCALIZATION_PREFERS_STRING_CATALOGS = YES;
				MTL_ENABLE_DEBUG_INFO = INCLUDE_SOURCE;
				MTL_FAST_MATH = YES;
				ONLY_ACTIVE_ARCH = YES;
				SDKROOT = iphoneos;
				SWIFT_ACTIVE_COMPILATION_CONDITIONS = "DEBUG $(inherited)";
				SWIFT_OPTIMIZATION_LEVEL = "-Onone";
			};
			name = Debug;
		};
		CC9820722BDBDAD0003B65F4 /* Release */ = {
			isa = XCBuildConfiguration;
			buildSettings = {
				ALWAYS_SEARCH_USER_PATHS = NO;
				ASSETCATALOG_COMPILER_GENERATE_SWIFT_ASSET_SYMBOL_EXTENSIONS = YES;
				CLANG_ANALYZER_NONNULL = YES;
				CLANG_ANALYZER_NUMBER_OBJECT_CONVERSION = YES_AGGRESSIVE;
				CLANG_CXX_LANGUAGE_STANDARD = "gnu++20";
				CLANG_ENABLE_MODULES = YES;
				CLANG_ENABLE_OBJC_ARC = YES;
				CLANG_ENABLE_OBJC_WEAK = YES;
				CLANG_WARN_BLOCK_CAPTURE_AUTORELEASING = YES;
				CLANG_WARN_BOOL_CONVERSION = YES;
				CLANG_WARN_COMMA = YES;
				CLANG_WARN_CONSTANT_CONVERSION = YES;
				CLANG_WARN_DEPRECATED_OBJC_IMPLEMENTATIONS = YES;
				CLANG_WARN_DIRECT_OBJC_ISA_USAGE = YES_ERROR;
				CLANG_WARN_DOCUMENTATION_COMMENTS = YES;
				CLANG_WARN_EMPTY_BODY = YES;
				CLANG_WARN_ENUM_CONVERSION = YES;
				CLANG_WARN_INFINITE_RECURSION = YES;
				CLANG_WARN_INT_CONVERSION = YES;
				CLANG_WARN_NON_LITERAL_NULL_CONVERSION = YES;
				CLANG_WARN_OBJC_IMPLICIT_RETAIN_SELF = YES;
				CLANG_WARN_OBJC_LITERAL_CONVERSION = YES;
				CLANG_WARN_OBJC_ROOT_CLASS = YES_ERROR;
				CLANG_WARN_QUOTED_INCLUDE_IN_FRAMEWORK_HEADER = YES;
				CLANG_WARN_RANGE_LOOP_ANALYSIS = YES;
				CLANG_WARN_STRICT_PROTOTYPES = YES;
				CLANG_WARN_SUSPICIOUS_MOVE = YES;
				CLANG_WARN_UNGUARDED_AVAILABILITY = YES_AGGRESSIVE;
				CLANG_WARN_UNREACHABLE_CODE = YES;
				CLANG_WARN__DUPLICATE_METHOD_MATCH = YES;
				COPY_PHASE_STRIP = NO;
				DEBUG_INFORMATION_FORMAT = "dwarf-with-dsym";
				ENABLE_NS_ASSERTIONS = NO;
				ENABLE_STRICT_OBJC_MSGSEND = YES;
				ENABLE_USER_SCRIPT_SANDBOXING = YES;
				GCC_C_LANGUAGE_STANDARD = gnu17;
				GCC_NO_COMMON_BLOCKS = YES;
				GCC_WARN_64_TO_32_BIT_CONVERSION = YES;
				GCC_WARN_ABOUT_RETURN_TYPE = YES_ERROR;
				GCC_WARN_UNDECLARED_SELECTOR = YES;
				GCC_WARN_UNINITIALIZED_AUTOS = YES_AGGRESSIVE;
				GCC_WARN_UNUSED_FUNCTION = YES;
				GCC_WARN_UNUSED_VARIABLE = YES;
				IPHONEOS_DEPLOYMENT_TARGET = 17.4;
				LOCALIZATION_PREFERS_STRING_CATALOGS = YES;
				MTL_ENABLE_DEBUG_INFO = NO;
				MTL_FAST_MATH = YES;
				SDKROOT = iphoneos;
				SWIFT_COMPILATION_MODE = wholemodule;
				VALIDATE_PRODUCT = YES;
			};
			name = Release;
		};
		CC9820742BDBDAD0003B65F4 /* Debug */ = {
			isa = XCBuildConfiguration;
			buildSettings = {
				ASSETCATALOG_COMPILER_APPICON_NAME = AppIcon;
				ASSETCATALOG_COMPILER_GLOBAL_ACCENT_COLOR_NAME = AccentColor;
				CODE_SIGN_STYLE = Automatic;
				CURRENT_PROJECT_VERSION = 1;
				DEVELOPMENT_TEAM = CMDB87676V;
				GENERATE_INFOPLIST_FILE = YES;
				INFOPLIST_FILE = PracticleTask/Info.plist;
				INFOPLIST_KEY_UIApplicationSupportsIndirectInputEvents = YES;
				INFOPLIST_KEY_UILaunchStoryboardName = LaunchScreen;
				INFOPLIST_KEY_UIMainStoryboardFile = Main;
				INFOPLIST_KEY_UIStatusBarStyle = "";
				INFOPLIST_KEY_UISupportedInterfaceOrientations = UIInterfaceOrientationPortrait;
				INFOPLIST_KEY_UISupportedInterfaceOrientations_iPad = "UIInterfaceOrientationLandscapeLeft UIInterfaceOrientationLandscapeRight UIInterfaceOrientationPortrait UIInterfaceOrientationPortraitUpsideDown";
				IPHONEOS_DEPLOYMENT_TARGET = 15.0;
				LD_RUNPATH_SEARCH_PATHS = (
					"$(inherited)",
					"@executable_path/Frameworks",
				);
				MARKETING_VERSION = 1.0;
				PRODUCT_BUNDLE_IDENTIFIER = cc.PracticleTask;
				PRODUCT_NAME = "$(TARGET_NAME)";
				SUPPORTED_PLATFORMS = "iphoneos iphonesimulator";
				SUPPORTS_MACCATALYST = NO;
				SUPPORTS_MAC_DESIGNED_FOR_IPHONE_IPAD = NO;
				SUPPORTS_XR_DESIGNED_FOR_IPHONE_IPAD = NO;
				SWIFT_EMIT_LOC_STRINGS = YES;
				SWIFT_VERSION = 5.0;
				TARGETED_DEVICE_FAMILY = 1;
			};
			name = Debug;
		};
		CC9820752BDBDAD0003B65F4 /* Release */ = {
			isa = XCBuildConfiguration;
			buildSettings = {
				ASSETCATALOG_COMPILER_APPICON_NAME = AppIcon;
				ASSETCATALOG_COMPILER_GLOBAL_ACCENT_COLOR_NAME = AccentColor;
				CODE_SIGN_STYLE = Automatic;
				CURRENT_PROJECT_VERSION = 1;
				DEVELOPMENT_TEAM = CMDB87676V;
				GENERATE_INFOPLIST_FILE = YES;
				INFOPLIST_FILE = PracticleTask/Info.plist;
				INFOPLIST_KEY_UIApplicationSupportsIndirectInputEvents = YES;
				INFOPLIST_KEY_UILaunchStoryboardName = LaunchScreen;
				INFOPLIST_KEY_UIMainStoryboardFile = Main;
				INFOPLIST_KEY_UIStatusBarStyle = "";
				INFOPLIST_KEY_UISupportedInterfaceOrientations = UIInterfaceOrientationPortrait;
				INFOPLIST_KEY_UISupportedInterfaceOrientations_iPad = "UIInterfaceOrientationLandscapeLeft UIInterfaceOrientationLandscapeRight UIInterfaceOrientationPortrait UIInterfaceOrientationPortraitUpsideDown";
				IPHONEOS_DEPLOYMENT_TARGET = 15.0;
				LD_RUNPATH_SEARCH_PATHS = (
					"$(inherited)",
					"@executable_path/Frameworks",
				);
				MARKETING_VERSION = 1.0;
				PRODUCT_BUNDLE_IDENTIFIER = cc.PracticleTask;
				PRODUCT_NAME = "$(TARGET_NAME)";
				SUPPORTED_PLATFORMS = "iphoneos iphonesimulator";
				SUPPORTS_MACCATALYST = NO;
				SUPPORTS_MAC_DESIGNED_FOR_IPHONE_IPAD = NO;
				SUPPORTS_XR_DESIGNED_FOR_IPHONE_IPAD = NO;
				SWIFT_EMIT_LOC_STRINGS = YES;
				SWIFT_VERSION = 5.0;
				TARGETED_DEVICE_FAMILY = 1;
			};
			name = Release;
		};
/* End XCBuildConfiguration section */

/* Begin XCConfigurationList section */
		CC98205A2BDBDACE003B65F4 /* Build configuration list for PBXProject "PracticleTask" */ = {
			isa = XCConfigurationList;
			buildConfigurations = (
				CC9820712BDBDAD0003B65F4 /* Debug */,
				CC9820722BDBDAD0003B65F4 /* Release */,
			);
			defaultConfigurationIsVisible = 0;
			defaultConfigurationName = Release;
		};
		CC9820732BDBDAD0003B65F4 /* Build configuration list for PBXNativeTarget "PracticleTask" */ = {
			isa = XCConfigurationList;
			buildConfigurations = (
				CC9820742BDBDAD0003B65F4 /* Debug */,
				CC9820752BDBDAD0003B65F4 /* Release */,
			);
			defaultConfigurationIsVisible = 0;
			defaultConfigurationName = Release;
		};
/* End XCConfigurationList section */
	};
	rootObject = CC9820572BDBDACE003B65F4 /* Project object */;
}
